PODS:
  - Capacitor (8.2.0):
    - CapacitorCordova
  - CapacitorCommunityBackgroundGeolocation (1.2.26):
    - Capacitor
  - CapacitorCordova (8.2.0)

DEPENDENCIES:
  - "Capacitor (from `../../node_modules/@capacitor/ios`)"
  - "CapacitorCommunityBackgroundGeolocation (from `../../node_modules/@capacitor-community/background-geolocation`)"
  - "CapacitorCordova (from `../../node_modules/@capacitor/ios`)"

EXTERNAL SOURCES:
  Capacitor:
    :path: "../../node_modules/@capacitor/ios"
  CapacitorCommunityBackgroundGeolocation:
    :path: "../../node_modules/@capacitor-community/background-geolocation"
  CapacitorCordova:
    :path: "../../node_modules/@capacitor/ios"

SPEC CHECKSUMS:
  Capacitor: 49a454e1cdbd520bc106a220adca7913536a4933
  CapacitorCommunityBackgroundGeolocation: 750523ec6dd1cc94cf4e2bf7787605106753f73c
  CapacitorCordova: a9ac88d84a1f5280f33b349fe50fce1902683ac0

PODFILE CHECKSUM: 761fe0c6aee8dcb524c66679484697d82c0d9d6a

COCOAPODS: 1.16.2
